// !$*UTF8*$!
{
	archiveVersion = 1;
	classes = {
	};
	objectVersion = 48;
	objects = {

/* Begin PBXBuildFile section */
		1A60F2D520EA390000E7C042 /* AppDelegate.swift in Sources */ = {isa = PBXBuildFile; fileRef = 1A60F2D420EA390000E7C042 /* AppDelegate.swift */; };
		1A60F2D720EA390000E7C042 /* ViewController.swift in Sources */ = {isa = PBXBuildFile; fileRef = 1A60F2D620EA390000E7C042 /* ViewController.swift */; };
		1A60F2DA20EA390000E7C042 /* Main.storyboard in Resources */ = {isa = PBXBuildFile; fileRef = 1A60F2D820EA390000E7C042 /* Main.storyboard */; };
		1A60F2DD20EA390000E7C042 /* NotesCoreData_RestApi.xcdatamodeld in Sources */ = {isa = PBXBuildFile; fileRef = 1A60F2DB20EA390000E7C042 /* NotesCoreData_RestApi.xcdatamodeld */; };
		1A60F2DF20EA390000E7C042 /* Assets.xcassets in Resources */ = {isa = PBXBuildFile; fileRef = 1A60F2DE20EA390000E7C042 /* Assets.xcassets */; };
		1A60F2E220EA390000E7C042 /* LaunchScreen.storyboard in Resources */ = {isa = PBXBuildFile; fileRef = 1A60F2E020EA390000E7C042 /* LaunchScreen.storyboard */; };
		1A60F2F220EA3A8E00E7C042 /* Default-568h@2x.png in Resources */ = {isa = PBXBuildFile; fileRef = 1A60F2F120EA3A8E00E7C042 /* Default-568h@2x.png */; };
/* End PBXBuildFile section */

/* Begin PBXFileReference section */
		1A60F2D120EA390000E7C042 /* NotesCoreData_RestApi.app */ = {isa = PBXFileReference; explicitFileType = wrapper.application; includeInIndex = 0; path = NotesCoreData_RestApi.app; sourceTree = BUILT_PRODUCTS_DIR; };
		1A60F2D420EA390000E7C042 /* AppDelegate.swift */ = {isa = PBXFileReference; lastKnownFileType = sourcecode.swift; path = AppDelegate.swift; sourceTree = "<group>"; };
		1A60F2D620EA390000E7C042 /* ViewController.swift */ = {isa = PBXFileReference; lastKnownFileType = sourcecode.swift; path = ViewController.swift; sourceTree = "<group>"; };
		1A60F2D920EA390000E7C042 /* Base */ = {isa = PBXFileReference; lastKnownFileType = file.storyboard; name = Base; path = Base.lproj/Main.storyboard; sourceTree = "<group>"; };
		1A60F2DC20EA390000E7C042 /* NotesCoreData_RestApi.xcdatamodel */ = {isa = PBXFileReference; lastKnownFileType = wrapper.xcdatamodel; path = NotesCoreData_RestApi.xcdatamodel; sourceTree = "<group>"; };
		1A60F2DE20EA390000E7C042 /* Assets.xcassets */ = {isa = PBXFileReference; lastKnownFileType = folder.assetcatalog; path = Assets.xcassets; sourceTree = "<group>"; };
		1A60F2E120EA390000E7C042 /* Base */ = {isa = PBXFileReference; lastKnownFileType = file.storyboard; name = Base; path = Base.lproj/LaunchScreen.storyboard; sourceTree = "<group>"; };
		1A60F2E320EA390000E7C042 /* Info.plist */ = {isa = PBXFileReference; lastKnownFileType = text.plist.xml; path = Info.plist; sourceTree = "<group>"; };
		1A60F2F120EA3A8E00E7C042 /* Default-568h@2x.png */ = {isa = PBXFileReference; lastKnownFileType = image.png; path = "Default-568h@2x.png"; sourceTree = "<group>"; };
/* End PBXFileReference section */

/* Begin PBXFrameworksBuildPhase section */
		1A60F2CE20EA390000E7C042 /* Frameworks */ = {
			isa = PBXFrameworksBuildPhase;
			buildActionMask = 2147483647;
			files = (
			);
			runOnlyForDeploymentPostprocessing = 0;
		};
/* End PBXFrameworksBuildPhase section */

/* Begin PBXGroup section */
		1A60F2C820EA390000E7C042 = {
			isa = PBXGroup;
			children = (
				1A60F2D320EA390000E7C042 /* NotesCoreData_RestApi */,
				1A60F2D220EA390000E7C042 /* Products */,
			);
			sourceTree = "<group>";
		};
		1A60F2D220EA390000E7C042 /* Products */ = {
			isa = PBXGroup;
			children = (
				1A60F2D120EA390000E7C042 /* NotesCoreData_RestApi.app */,
			);
			name = Products;
			sourceTree = "<group>";
		};
		1A60F2D320EA390000E7C042 /* NotesCoreData_RestApi */ = {
			isa = PBXGroup;
			children = (
				1A60F2EA20EA395B00E7C042 /* Helpers */,
				1A60F2EB20EA398800E7C042 /* Extensions */,
				1A60F2EC20EA399F00E7C042 /* Controllers */,
				1A60F2ED20EA39AB00E7C042 /* Views */,
				1A60F2E920EA393A00E7C042 /* Models */,
			);
			path = NotesCoreData_RestApi;
			sourceTree = "<group>";
		};
		1A60F2E920EA393A00E7C042 /* Models */ = {
			isa = PBXGroup;
			children = (
				1A60F2D420EA390000E7C042 /* AppDelegate.swift */,
				1A60F2DB20EA390000E7C042 /* NotesCoreData_RestApi.xcdatamodeld */,
				1A60F2D820EA390000E7C042 /* Main.storyboard */,
				1A60F2DE20EA390000E7C042 /* Assets.xcassets */,
				1A60F2F120EA3A8E00E7C042 /* Default-568h@2x.png */,
				1A60F2E020EA390000E7C042 /* LaunchScreen.storyboard */,
				1A60F2E320EA390000E7C042 /* Info.plist */,
			);
			path = Models;
			sourceTree = "<group>";
		};
		1A60F2EA20EA395B00E7C042 /* Helpers */ = {
			isa = PBXGroup;
			children = (
			);
			path = Helpers;
			sourceTree = "<group>";
		};
		1A60F2EB20EA398800E7C042 /* Extensions */ = {
			isa = PBXGroup;
			children = (
			);
			path = Extensions;
			sourceTree = "<group>";
		};
		1A60F2EC20EA399F00E7C042 /* Controllers */ = {
			isa = PBXGroup;
			children = (
				1A60F2D620EA390000E7C042 /* ViewController.swift */,
			);
			path = Controllers;
			sourceTree = "<group>";
		};
		1A60F2ED20EA39AB00E7C042 /* Views */ = {
			isa = PBXGroup;
			children = (
			);
			path = Views;
			sourceTree = "<group>";
		};
/* End PBXGroup section */

/* Begin PBXNativeTarget section */
		1A60F2D020EA390000E7C042 /* NotesCoreData_RestApi */ = {
			isa = PBXNativeTarget;
			buildConfigurationList = 1A60F2E620EA390000E7C042 /* Build configuration list for PBXNativeTarget "NotesCoreData_RestApi" */;
			buildPhases = (
				1A60F2CD20EA390000E7C042 /* Sources */,
				1A60F2CE20EA390000E7C042 /* Frameworks */,
				1A60F2CF20EA390000E7C042 /* Resources */,
			);
			buildRules = (
			);
			dependencies = (
			);
			name = NotesCoreData_RestApi;
			productName = NotesCoreData_RestApi;
			productReference = 1A60F2D120EA390000E7C042 /* NotesCoreData_RestApi.app */;
			productType = "com.apple.product-type.application";
		};
/* End PBXNativeTarget section */

/* Begin PBXProject section */
		1A60F2C920EA390000E7C042 /* Project object */ = {
			isa = PBXProject;
			attributes = {
				LastSwiftUpdateCheck = 0920;
				LastUpgradeCheck = 0920;
				ORGANIZATIONNAME = "Maxim Granchenko";
				TargetAttributes = {
					1A60F2D020EA390000E7C042 = {
						CreatedOnToolsVersion = 9.2;
						ProvisioningStyle = Automatic;
					};
				};
			};
			buildConfigurationList = 1A60F2CC20EA390000E7C042 /* Build configuration list for PBXProject "NotesCoreData_RestApi" */;
			compatibilityVersion = "Xcode 8.0";
			developmentRegion = en;
			hasScannedForEncodings = 0;
			knownRegions = (
				en,
				Base,
			);
			mainGroup = 1A60F2C820EA390000E7C042;
			productRefGroup = 1A60F2D220EA390000E7C042 /* Products */;
			projectDirPath = "";
			projectRoot = "";
			targets = (
				1A60F2D020EA390000E7C042 /* NotesCoreData_RestApi */,
			);
		};
/* End PBXProject section */

/* Begin PBXResourcesBuildPhase section */
		1A60F2CF20EA390000E7C042 /* Resources */ = {
			isa = PBXResourcesBuildPhase;
			buildActionMask = 2147483647;
			files = (
				1A60F2E220EA390000E7C042 /* LaunchScreen.storyboard in Resources */,
				1A60F2F220EA3A8E00E7C042 /* Default-568h@2x.png in Resources */,
				1A60F2DF20EA390000E7C042 /* Assets.xcassets in Resources */,
				1A60F2DA20EA390000E7C042 /* Main.storyboard in Resources */,
			);
			runOnlyForDeploymentPostprocessing = 0;
		};
/* End PBXResourcesBuildPhase section */

/* Begin PBXSourcesBuildPhase section */
		1A60F2CD20EA390000E7C042 /* Sources */ = {
			isa = PBXSourcesBuildPhase;
			buildActionMask = 2147483647;
			files = (
				1A60F2DD20EA390000E7C042 /* NotesCoreData_RestApi.xcdatamodeld in Sources */,
				1A60F2D720EA390000E7C042 /* ViewController.swift in Sources */,
				1A60F2D520EA390000E7C042 /* AppDelegate.swift in Sources */,
			);
			runOnlyForDeploymentPostprocessing = 0;
		};
/* End PBXSourcesBuildPhase section */

/* Begin PBXVariantGroup section */
		1A60F2D820EA390000E7C042 /* Main.storyboard */ = {
			isa = PBXVariantGroup;
			children = (
				1A60F2D920EA390000E7C042 /* Base */,
			);
			name = Main.storyboard;
			sourceTree = "<group>";
		};
		1A60F2E020EA390000E7C042 /* LaunchScreen.storyboard */ = {
			isa = PBXVariantGroup;
			children = (
				1A60F2E120EA390000E7C042 /* Base */,
			);
			name = LaunchScreen.storyboard;
			sourceTree = "<group>";
		};
/* End PBXVariantGroup section */

/* Begin XCBuildConfiguration section */
		1A60F2E420EA390000E7C042 /* Debug */ = {
			isa = XCBuildConfiguration;
			buildSettings = {
				ALWAYS_SEARCH_USER_PATHS = NO;
				CLANG_ANALYZER_NONNULL = YES;
				CLANG_ANALYZER_NUMBER_OBJECT_CONVERSION = YES_AGGRESSIVE;
				CLANG_CXX_LANGUAGE_STANDARD = "gnu++14";
				CLANG_CXX_LIBRARY = "libc++";
				CLANG_ENABLE_MODULES = YES;
				CLANG_ENABLE_OBJC_ARC = YES;
				CLANG_WARN_BLOCK_CAPTURE_AUTORELEASING = YES;
				CLANG_WARN_BOOL_CONVERSION = YES;
				CLANG_WARN_COMMA = YES;
				CLANG_WARN_CONSTANT_CONVERSION = YES;
				CLANG_WARN_DIRECT_OBJC_ISA_USAGE = YES_ERROR;
				CLANG_WARN_DOCUMENTATION_COMMENTS = YES;
				CLANG_WARN_EMPTY_BODY = YES;
				CLANG_WARN_ENUM_CONVERSION = YES;
				CLANG_WARN_INFINITE_RECURSION = YES;
				CLANG_WARN_INT_CONVERSION = YES;
				CLANG_WARN_NON_LITERAL_NULL_CONVERSION = YES;
				CLANG_WARN_OBJC_LITERAL_CONVERSION = YES;
				CLANG_WARN_OBJC_ROOT_CLASS = YES_ERROR;
				CLANG_WARN_RANGE_LOOP_ANALYSIS = YES;
				CLANG_WARN_STRICT_PROTOTYPES = YES;
				CLANG_WARN_SUSPICIOUS_MOVE = YES;
				CLANG_WARN_UNGUARDED_AVAILABILITY = YES_AGGRESSIVE;
				CLANG_WARN_UNREACHABLE_CODE = YES;
				CLANG_WARN__DUPLICATE_METHOD_MATCH = YES;
				CODE_SIGN_IDENTITY = "iPhone Developer";
				COPY_PHASE_STRIP = NO;
				DEBUG_INFORMATION_FORMAT = dwarf;
				ENABLE_STRICT_OBJC_MSGSEND = YES;
				ENABLE_TESTABILITY = YES;
				GCC_C_LANGUAGE_STANDARD = gnu11;
				GCC_DYNAMIC_NO_PIC = NO;
				GCC_NO_COMMON_BLOCKS = YES;
				GCC_OPTIMIZATION_LEVEL = 0;
				GCC_PREPROCESSOR_DEFINITIONS = (
					"DEBUG=1",
					"$(inherited)",
				);
				GCC_WARN_64_TO_32_BIT_CONVERSION = YES;
				GCC_WARN_ABOUT_RETURN_TYPE = YES_ERROR;
				GCC_WARN_UNDECLARED_SELECTOR = YES;
				GCC_WARN_UNINITIALIZED_AUTOS = YES_AGGRESSIVE;
				GCC_WARN_UNUSED_FUNCTION = YES;
				GCC_WARN_UNUSED_VARIABLE = YES;
				IPHONEOS_DEPLOYMENT_TARGET = 11.2;
				MTL_ENABLE_DEBUG_INFO = YES;
				ONLY_ACTIVE_ARCH = YES;
				SDKROOT = iphoneos;
				SWIFT_ACTIVE_COMPILATION_CONDITIONS = DEBUG;
				SWIFT_OPTIMIZATION_LEVEL = "-Onone";
			};
			name = Debug;
		};
		1A60F2E520EA390000E7C042 /* Release */ = {
			isa = XCBuildConfiguration;
			buildSettings = {
				ALWAYS_SEARCH_USER_PATHS = NO;
				CLANG_ANALYZER_NONNULL = YES;
				CLANG_ANALYZER_NUMBER_OBJECT_CONVERSION = YES_AGGRESSIVE;
				CLANG_CXX_LANGUAGE_STANDARD = "gnu++14";
				CLANG_CXX_LIBRARY = "libc++";
				CLANG_ENABLE_MODULES = YES;
				CLANG_ENABLE_OBJC_ARC = YES;
				CLANG_WARN_BLOCK_CAPTURE_AUTORELEASING = YES;
				CLANG_WARN_BOOL_CONVERSION = YES;
				CLANG_WARN_COMMA = YES;
				CLANG_WARN_CONSTANT_CONVERSION = YES;
				CLANG_WARN_DIRECT_OBJC_ISA_USAGE = YES_ERROR;
				CLANG_WARN_DOCUMENTATION_COMMENTS = YES;
				CLANG_WARN_EMPTY_BODY = YES;
				CLANG_WARN_ENUM_CONVERSION = YES;
				CLANG_WARN_INFINITE_RECURSION = YES;
				CLANG_WARN_INT_CONVERSION = YES;
				CLANG_WARN_NON_LITERAL_NULL_CONVERSION = YES;
				CLANG_WARN_OBJC_LITERAL_CONVERSION = YES;
				CLANG_WARN_OBJC_ROOT_CLASS = YES_ERROR;
				CLANG_WARN_RANGE_LOOP_ANALYSIS = YES;
				CLANG_WARN_STRICT_PROTOTYPES = YES;
				CLANG_WARN_SUSPICIOUS_MOVE = YES;
				CLANG_WARN_UNGUARDED_AVAILABILITY = YES_AGGRESSIVE;
				CLANG_WARN_UNREACHABLE_CODE = YES;
				CLANG_WARN__DUPLICATE_METHOD_MATCH = YES;
				CODE_SIGN_IDENTITY = "iPhone Developer";
				COPY_PHASE_STRIP = NO;
				DEBUG_INFORMATION_FORMAT = "dwarf-with-dsym";
				ENABLE_NS_ASSERTIONS = NO;
				ENABLE_STRICT_OBJC_MSGSEND = YES;
				GCC_C_LANGUAGE_STANDARD = gnu11;
				GCC_NO_COMMON_BLOCKS = YES;
				GCC_WARN_64_TO_32_BIT_CONVERSION = YES;
				GCC_WARN_ABOUT_RETURN_TYPE = YES_ERROR;
				GCC_WARN_UNDECLARED_SELECTOR = YES;
				GCC_WARN_UNINITIALIZED_AUTOS = YES_AGGRESSIVE;
				GCC_WARN_UNUSED_FUNCTION = YES;
				GCC_WARN_UNUSED_VARIABLE = YES;
				IPHONEOS_DEPLOYMENT_TARGET = 11.2;
				MTL_ENABLE_DEBUG_INFO = NO;
				SDKROOT = iphoneos;
				SWIFT_OPTIMIZATION_LEVEL = "-Owholemodule";
				VALIDATE_PRODUCT = YES;
			};
			name = Release;
		};
		1A60F2E720EA390000E7C042 /* Debug */ = {
			isa = XCBuildConfiguration;
			buildSettings = {
				ASSETCATALOG_COMPILER_APPICON_NAME = AppIcon;
				CODE_SIGN_STYLE = Automatic;
				INFOPLIST_FILE = "$(SRCROOT)/NotesCoreData_RestApi/Models/Info.plist";
				LD_RUNPATH_SEARCH_PATHS = "$(inherited) @executable_path/Frameworks";
				PRODUCT_BUNDLE_IDENTIFIER = "iMaxiOS.NotesCoreData-RestApi";
				PRODUCT_NAME = "$(TARGET_NAME)";
				SWIFT_VERSION = 4.0;
				TARGETED_DEVICE_FAMILY = "1,2";
			};
			name = Debug;
		};
		1A60F2E820EA390000E7C042 /* Release */ = {
			isa = XCBuildConfiguration;
			buildSettings = {
				ASSETCATALOG_COMPILER_APPICON_NAME = AppIcon;
				CODE_SIGN_STYLE = Automatic;
				INFOPLIST_FILE = "$(SRCROOT)/NotesCoreData_RestApi/Models/Info.plist";
				LD_RUNPATH_SEARCH_PATHS = "$(inherited) @executable_path/Frameworks";
				PRODUCT_BUNDLE_IDENTIFIER = "iMaxiOS.NotesCoreData-RestApi";
				PRODUCT_NAME = "$(TARGET_NAME)";
				SWIFT_VERSION = 4.0;
				TARGETED_DEVICE_FAMILY = "1,2";
			};
			name = Release;
		};
/* End XCBuildConfiguration section */

/* Begin XCConfigurationList section */
		1A60F2CC20EA390000E7C042 /* Build configuration list for PBXProject "NotesCoreData_RestApi" */ = {
			isa = XCConfigurationList;
			buildConfigurations = (
				1A60F2E420EA390000E7C042 /* Debug */,
				1A60F2E520EA390000E7C042 /* Release */,
			);
			defaultConfigurationIsVisible = 0;
			defaultConfigurationName = Release;
		};
		1A60F2E620EA390000E7C042 /* Build configuration list for PBXNativeTarget "NotesCoreData_RestApi" */ = {
			isa = XCConfigurationList;
			buildConfigurations = (
				1A60F2E720EA390000E7C042 /* Debug */,
				1A60F2E820EA390000E7C042 /* Release */,
			);
			defaultConfigurationIsVisible = 0;
			defaultConfigurationName = Release;
		};
/* End XCConfigurationList section */

/* Begin XCVersionGroup section */
		1A60F2DB20EA390000E7C042 /* NotesCoreData_RestApi.xcdatamodeld */ = {
			isa = XCVersionGroup;
			children = (
				1A60F2DC20EA390000E7C042 /* NotesCoreData_RestApi.xcdatamodel */,
			);
			currentVersion = 1A60F2DC20EA390000E7C042 /* NotesCoreData_RestApi.xcdatamodel */;
			path = NotesCoreData_RestApi.xcdatamodeld;
			sourceTree = "<group>";
			versionGroupType = wrapper.xcdatamodel;
		};
/* End XCVersionGroup section */
	};
	rootObject = 1A60F2C920EA390000E7C042 /* Project object */;
}
